
Microsoft Visual Studio Solution File, Format Version 12.00
# Visual Studio Version 17
VisualStudioVersion = 17.8.34511.84
MinimumVisualStudioVersion = 10.0.40219.1
Project("{FAE04EC0-301F-11D3-BF4B-00C04F79EFBC}") = "WebApi", "WebApi\WebApi.csproj", "{F9167F03-3996-4EE6-B831-2E68256C026F}"
EndProject
Project("{FAE04EC0-301F-11D3-BF4B-00C04F79EFBC}") = "Persistence", "Persistence\Persistence.csproj", "{F1EBCB11-1F62-4D3F-BBDE-895E21DEEE98}"
EndProject
Project("{FAE04EC0-301F-11D3-BF4B-00C04F79EFBC}") = "Domain", "Domain\Domain.csproj", "{6843556A-6AB2-44E5-A952-2ADFD978C9D1}"
EndProject
Project("{FAE04EC0-301F-11D3-BF4B-00C04F79EFBC}") = "Application", "Application\Application.csproj", "{6AB7165B-80B6-449A-A65F-41362A46E871}"
EndProject
Project("{FAE04EC0-301F-11D3-BF4B-00C04F79EFBC}") = "Infrastructure", "Infrastructure\Infrastructure.csproj", "{C5EA7AFE-047B-474D-A522-3A15602DF24F}"
EndProject
Global
	GlobalSection(SolutionConfigurationPlatforms) = preSolution
		Debug|Any CPU = Debug|Any CPU
		Release|Any CPU = Release|Any CPU
	EndGlobalSection
	GlobalSection(ProjectConfigurationPlatforms) = postSolution
		{F9167F03-3996-4EE6-B831-2E68256C026F}.Debug|Any CPU.ActiveCfg = Debug|Any CPU
		{F9167F03-3996-4EE6-B831-2E68256C026F}.Debug|Any CPU.Build.0 = Debug|Any CPU
		{F9167F03-3996-4EE6-B831-2E68256C026F}.Release|Any CPU.ActiveCfg = Release|Any CPU
		{F9167F03-3996-4EE6-B831-2E68256C026F}.Release|Any CPU.Build.0 = Release|Any CPU
		{F1EBCB11-1F62-4D3F-BBDE-895E21DEEE98}.Debug|Any CPU.ActiveCfg = Debug|Any CPU
		{F1EBCB11-1F62-4D3F-BBDE-895E21DEEE98}.Debug|Any CPU.Build.0 = Debug|Any CPU
		{F1EBCB11-1F62-4D3F-BBDE-895E21DEEE98}.Release|Any CPU.ActiveCfg = Release|Any CPU
		{F1EBCB11-1F62-4D3F-BBDE-895E21DEEE98}.Release|Any CPU.Build.0 = Release|Any CPU
		{6843556A-6AB2-44E5-A952-2ADFD978C9D1}.Debug|Any CPU.ActiveCfg = Debug|Any CPU
		{6843556A-6AB2-44E5-A952-2ADFD978C9D1}.Debug|Any CPU.Build.0 = Debug|Any CPU
		{6843556A-6AB2-44E5-A952-2ADFD978C9D1}.Release|Any CPU.ActiveCfg = Release|Any CPU
		{6843556A-6AB2-44E5-A952-2ADFD978C9D1}.Release|Any CPU.Build.0 = Release|Any CPU
		{6AB7165B-80B6-449A-A65F-41362A46E871}.Debug|Any CPU.ActiveCfg = Debug|Any CPU
		{6AB7165B-80B6-449A-A65F-41362A46E871}.Debug|Any CPU.Build.0 = Debug|Any CPU
		{6AB7165B-80B6-449A-A65F-41362A46E871}.Release|Any CPU.ActiveCfg = Release|Any CPU
		{6AB7165B-80B6-449A-A65F-41362A46E871}.Release|Any CPU.Build.0 = Release|Any CPU
		{C5EA7AFE-047B-474D-A522-3A15602DF24F}.Debug|Any CPU.ActiveCfg = Debug|Any CPU
		{C5EA7AFE-047B-474D-A522-3A15602DF24F}.Debug|Any CPU.Build.0 = Debug|Any CPU
		{C5EA7AFE-047B-474D-A522-3A15602DF24F}.Release|Any CPU.ActiveCfg = Release|Any CPU
		{C5EA7AFE-047B-474D-A522-3A15602DF24F}.Release|Any CPU.Build.0 = Release|Any CPU
	EndGlobalSection
	GlobalSection(SolutionProperties) = preSolution
		HideSolutionNode = FALSE
	EndGlobalSection
	GlobalSection(ExtensibilityGlobals) = postSolution
		SolutionGuid = {5A116392-F39C-45A0-B372-E499D8BF484B}
	EndGlobalSection
EndGlobal
