
Microsoft Visual Studio Solution File, Format Version 12.00
# Visual Studio Version 17
VisualStudioVersion = 17.8.34511.84
MinimumVisualStudioVersion = 10.0.40219.1
Project("{9A19103F-16F7-4668-BE54-9A1E7A4F7556}") = "Core.Persistence", "Core.Persistence\Core.Persistence.csproj", "{E909D5B3-CA72-4E01-8432-0286C30A6196}"
EndProject
Project("{FAE04EC0-301F-11D3-BF4B-00C04F79EFBC}") = "Core.Application", "Core.Application\Core.Application.csproj", "{B0D85DC4-E048-4CB6-A14A-D3665784234F}"
EndProject
Global
	GlobalSection(SolutionConfigurationPlatforms) = preSolution
		Debug|Any CPU = Debug|Any CPU
		Release|Any CPU = Release|Any CPU
	EndGlobalSection
	GlobalSection(ProjectConfigurationPlatforms) = postSolution
		{E909D5B3-CA72-4E01-8432-0286C30A6196}.Debug|Any CPU.ActiveCfg = Debug|Any CPU
		{E909D5B3-CA72-4E01-8432-0286C30A6196}.Debug|Any CPU.Build.0 = Debug|Any CPU
		{E909D5B3-CA72-4E01-8432-0286C30A6196}.Release|Any CPU.ActiveCfg = Release|Any CPU
		{E909D5B3-CA72-4E01-8432-0286C30A6196}.Release|Any CPU.Build.0 = Release|Any CPU
		{B0D85DC4-E048-4CB6-A14A-D3665784234F}.Debug|Any CPU.ActiveCfg = Debug|Any CPU
		{B0D85DC4-E048-4CB6-A14A-D3665784234F}.Debug|Any CPU.Build.0 = Debug|Any CPU
		{B0D85DC4-E048-4CB6-A14A-D3665784234F}.Release|Any CPU.ActiveCfg = Release|Any CPU
		{B0D85DC4-E048-4CB6-A14A-D3665784234F}.Release|Any CPU.Build.0 = Release|Any CPU
	EndGlobalSection
	GlobalSection(SolutionProperties) = preSolution
		HideSolutionNode = FALSE
	EndGlobalSection
	GlobalSection(ExtensibilityGlobals) = postSolution
		SolutionGuid = {034FC75C-2193-4AF8-BF71-BDAD05CBD80A}
	EndGlobalSection
EndGlobal
